PODS:
  - Flutter (1.0.0)
  - integration_test (0.0.1):
    - Flutter
  - screen_record_listener (0.0.1):
    - Flutter

DEPENDENCIES:
  - Flutter (from `Flutter`)
  - integration_test (from `.symlinks/plugins/integration_test/ios`)
  - screen_record_listener (from `.symlinks/plugins/screen_record_listener/ios`)

EXTERNAL SOURCES:
  Flutter:
    :path: Flutter
  integration_test:
    :path: ".symlinks/plugins/integration_test/ios"
  screen_record_listener:
    :path: ".symlinks/plugins/screen_record_listener/ios"

SPEC CHECKSUMS:
  Flutter: e0871f40cf51350855a761d2e70bf5af5b9b5de7
  integration_test: 13825b8a9334a850581300559b8839134b124670
  screen_record_listener: f799fe14c5773ad6ad45128c53f00e3ece2ff7bc

PODFILE CHECKSUM: 819463e6a0290f5a72f145ba7cde16e8b6ef0796

COCOAPODS: 1.12.1
